
Microsoft Visual Studio Solution File, Format Version 12.00
# Visual Studio Version 17
VisualStudioVersion = 17.11.35312.102
MinimumVisualStudioVersion = 10.0.40219.1
Project("{FAE04EC0-301F-11D3-BF4B-00C04F79EFBC}") = "LibCafeApp", "LibCafeApp.csproj", "{8A406CA2-20E6-40B7-A022-74A859CD7DD3}"
EndProject
Global
	GlobalSection(SolutionConfigurationPlatforms) = preSolution
		Debug|Any CPU = Debug|Any CPU
		Release|Any CPU = Release|Any CPU
	EndGlobalSection
	GlobalSection(ProjectConfigurationPlatforms) = postSolution
		{8A406CA2-20E6-40B7-A022-74A859CD7DD3}.Debug|Any CPU.ActiveCfg = Debug|Any CPU
		{8A406CA2-20E6-40B7-A022-74A859CD7DD3}.Debug|Any CPU.Build.0 = Debug|Any CPU
		{8A406CA2-20E6-40B7-A022-74A859CD7DD3}.Release|Any CPU.ActiveCfg = Release|Any CPU
		{8A406CA2-20E6-40B7-A022-74A859CD7DD3}.Release|Any CPU.Build.0 = Release|Any CPU
	EndGlobalSection
	GlobalSection(SolutionProperties) = preSolution
		HideSolutionNode = FALSE
	EndGlobalSection
	GlobalSection(ExtensibilityGlobals) = postSolution
		SolutionGuid = {09CA3D59-EE72-406E-A507-8F0D99F0DBAF}
	EndGlobalSection
EndGlobal
